
Microsoft Visual Studio Solution File, Format Version 12.00
# Visual Studio 15
VisualStudioVersion = 15.0.28307.645
MinimumVisualStudioVersion = 10.0.40219.1
Project("{FAE04EC0-301F-11D3-BF4B-00C04F79EFBC}") = "AppCap3", "AppCap3\AppCap3.csproj", "{04DEC5E1-160E-4AE8-B20F-3930F2B6E91D}"
EndProject
Global
	GlobalSection(SolutionConfigurationPlatforms) = preSolution
		Debug|Any CPU = Debug|Any CPU
		Release|Any CPU = Release|Any CPU
	EndGlobalSection
	GlobalSection(ProjectConfigurationPlatforms) = postSolution
		{04DEC5E1-160E-4AE8-B20F-3930F2B6E91D}.Debug|Any CPU.ActiveCfg = Debug|Any CPU
		{04DEC5E1-160E-4AE8-B20F-3930F2B6E91D}.Debug|Any CPU.Build.0 = Debug|Any CPU
		{04DEC5E1-160E-4AE8-B20F-3930F2B6E91D}.Release|Any CPU.ActiveCfg = Release|Any CPU
		{04DEC5E1-160E-4AE8-B20F-3930F2B6E91D}.Release|Any CPU.Build.0 = Release|Any CPU
	EndGlobalSection
	GlobalSection(SolutionProperties) = preSolution
		HideSolutionNode = FALSE
	EndGlobalSection
	GlobalSection(ExtensibilityGlobals) = postSolution
		SolutionGuid = {B0D0208E-22EC-4F23-A507-C9B6D3B137A0}
	EndGlobalSection
EndGlobal
